# This file is automatically @generated by Cargo.
# It is not intended for manual editing.
version = 4

[[package]]
name = "license_page"
version = "0.1.0"
dependencies = [
 "spdx",
]

[[package]]
name = "smallvec"
version = "1.15.1"
source = "registry+https://github.com/rust-lang/crates.io-index"
checksum = "67b1b7a3b5fe4f1376887184045fcf45c69e92af734b7aaddc05fb777b6fbd03"

[[package]]
name = "spdx"
version = "0.10.8"
source = "registry+https://github.com/rust-lang/crates.io-index"
checksum = "58b69356da67e2fc1f542c71ea7e654a361a79c938e4424392ecf4fa065d2193"
dependencies = [
 "smallvec",
]
