# This file is automatically @generated by Cargo.
# It is not intended for manual editing.
version = 4

[[package]]
name = "license_page"
version = "0.1.0"
dependencies = [
 "spdx",
]

[[package]]
name = "license_page_cli"
version = "0.1.0"
dependencies = [
 "license_page",
]

[[package]]
name = "smallvec"
version = "1.15.1"
source = "registry+https://github.com/rust-lang/crates.io-index"
checksum = "67b1b7a3b5fe4f1376887184045fcf45c69e92af734b7aaddc05fb777b6fbd03"

[[package]]
name = "spdx"
version = "0.10.9"
source = "registry+https://github.com/rust-lang/crates.io-index"
checksum = "c3e17e880bafaeb362a7b751ec46bdc5b61445a188f80e0606e68167cd540fa3"
dependencies = [
 "smallvec",
]
